
Microsoft Visual Studio Solution File, Format Version 12.00
# Visual Studio 15
VisualStudioVersion = 15.0.28307.168
MinimumVisualStudioVersion = 10.0.40219.1
Project("{9A19103F-16F7-4668-BE54-9A1E7A4F7556}") = "GraphQL.Samples.Chapter1", "Chapter1\GraphQL.Samples.Chapter1.csproj", "{91CE0253-899A-4329-8DEF-3D52B96A1539}"
EndProject
Project("{FAE04EC0-301F-11D3-BF4B-00C04F79EFBC}") = "GraphQL.Samples.Chapter2", "Chapter2\GraphQL.Samples.Chapter2\GraphQL.Samples.Chapter2.csproj", "{59FE8327-3479-4330-9B6C-72A0ED6D80A8}"
EndProject
Global
	GlobalSection(SolutionConfigurationPlatforms) = preSolution
		Debug|Any CPU = Debug|Any CPU
		Release|Any CPU = Release|Any CPU
	EndGlobalSection
	GlobalSection(ProjectConfigurationPlatforms) = postSolution
		{91CE0253-899A-4329-8DEF-3D52B96A1539}.Debug|Any CPU.ActiveCfg = Debug|Any CPU
		{91CE0253-899A-4329-8DEF-3D52B96A1539}.Debug|Any CPU.Build.0 = Debug|Any CPU
		{91CE0253-899A-4329-8DEF-3D52B96A1539}.Release|Any CPU.ActiveCfg = Release|Any CPU
		{91CE0253-899A-4329-8DEF-3D52B96A1539}.Release|Any CPU.Build.0 = Release|Any CPU
		{59FE8327-3479-4330-9B6C-72A0ED6D80A8}.Debug|Any CPU.ActiveCfg = Debug|Any CPU
		{59FE8327-3479-4330-9B6C-72A0ED6D80A8}.Debug|Any CPU.Build.0 = Debug|Any CPU
		{59FE8327-3479-4330-9B6C-72A0ED6D80A8}.Release|Any CPU.ActiveCfg = Release|Any CPU
		{59FE8327-3479-4330-9B6C-72A0ED6D80A8}.Release|Any CPU.Build.0 = Release|Any CPU
	EndGlobalSection
	GlobalSection(SolutionProperties) = preSolution
		HideSolutionNode = FALSE
	EndGlobalSection
	GlobalSection(ExtensibilityGlobals) = postSolution
		SolutionGuid = {F721F675-591D-471A-830F-3B28F414817F}
	EndGlobalSection
EndGlobal
